{
  "requires": true,
  "lockfileVersion": 1,
  "dependencies": {
    "usemodal-vue3": {
      "version": "0.3.7",
      "resolved": "https://registry.npmjs.org/usemodal-vue3/-/usemodal-vue3-0.3.7.tgz",
      "integrity": "sha512-9WQC4UWDl7DFSuT6Q85TTEr1ZRvf5IIXb2TZcWg9uaF1dFa0tSkHhEw8/Pj3s43MLNy/uc/pMnZKLrscANuB9w=="
    }
  }
}
